
Microsoft Visual Studio Solution File, Format Version 12.00
# Visual Studio Version 17
VisualStudioVersion = 17.13.35931.197 d17.13
MinimumVisualStudioVersion = 10.0.40219.1
Project("{FAE04EC0-301F-11D3-BF4B-00C04F79EFBC}") = "teste", "teste\teste.csproj", "{A3FDCA4A-368D-40EC-815F-627417E86D7E}"
EndProject
Global
	GlobalSection(SolutionConfigurationPlatforms) = preSolution
		Debug|Any CPU = Debug|Any CPU
		Release|Any CPU = Release|Any CPU
	EndGlobalSection
	GlobalSection(ProjectConfigurationPlatforms) = postSolution
		{A3FDCA4A-368D-40EC-815F-627417E86D7E}.Debug|Any CPU.ActiveCfg = Debug|Any CPU
		{A3FDCA4A-368D-40EC-815F-627417E86D7E}.Debug|Any CPU.Build.0 = Debug|Any CPU
		{A3FDCA4A-368D-40EC-815F-627417E86D7E}.Release|Any CPU.ActiveCfg = Release|Any CPU
		{A3FDCA4A-368D-40EC-815F-627417E86D7E}.Release|Any CPU.Build.0 = Release|Any CPU
	EndGlobalSection
	GlobalSection(SolutionProperties) = preSolution
		HideSolutionNode = FALSE
	EndGlobalSection
	GlobalSection(ExtensibilityGlobals) = postSolution
		SolutionGuid = {75658512-C0FF-4FBF-91B8-4CFA22111204}
	EndGlobalSection
EndGlobal
